
Microsoft Visual Studio Solution File, Format Version 12.00
# Visual Studio Version 17
VisualStudioVersion = 17.3.32929.385
MinimumVisualStudioVersion = 10.0.40219.1
Project("{FAE04EC0-301F-11D3-BF4B-00C04F79EFBC}") = "Oops", "Oops.csproj", "{D988E602-3F3B-4BD0-B3A6-45F0F5D0643F}"
EndProject
Global
	GlobalSection(SolutionConfigurationPlatforms) = preSolution
		Debug|Any CPU = Debug|Any CPU
		Release|Any CPU = Release|Any CPU
	EndGlobalSection
	GlobalSection(ProjectConfigurationPlatforms) = postSolution
		{D988E602-3F3B-4BD0-B3A6-45F0F5D0643F}.Debug|Any CPU.ActiveCfg = Debug|Any CPU
		{D988E602-3F3B-4BD0-B3A6-45F0F5D0643F}.Debug|Any CPU.Build.0 = Debug|Any CPU
		{D988E602-3F3B-4BD0-B3A6-45F0F5D0643F}.Release|Any CPU.ActiveCfg = Release|Any CPU
		{D988E602-3F3B-4BD0-B3A6-45F0F5D0643F}.Release|Any CPU.Build.0 = Release|Any CPU
	EndGlobalSection
	GlobalSection(SolutionProperties) = preSolution
		HideSolutionNode = FALSE
	EndGlobalSection
	GlobalSection(ExtensibilityGlobals) = postSolution
		SolutionGuid = {D030F679-F909-42EB-9249-FF3C9D792D10}
	EndGlobalSection
EndGlobal
